
Microsoft Visual Studio Solution File, Format Version 12.00
Project("{2150E333-8FDC-42A3-9474-1A3956D46DE8}") = "KafkaProduce", "KafkaProduce", "{973FE01A-5105-48AA-B463-23039BE0D68E}"
EndProject
Project("{FAE04EC0-301F-11D3-BF4B-00C04F79EFBC}") = "KafkaProducer", "KafkaProducer\KafkaProducer.csproj", "{9A604056-E129-4094-B2B4-611086AAB611}"
EndProject
Global
	GlobalSection(SolutionConfigurationPlatforms) = preSolution
		Debug|Any CPU = Debug|Any CPU
		Release|Any CPU = Release|Any CPU
	EndGlobalSection
	GlobalSection(NestedProjects) = preSolution
		{9A604056-E129-4094-B2B4-611086AAB611} = {973FE01A-5105-48AA-B463-23039BE0D68E}
	EndGlobalSection
	GlobalSection(ProjectConfigurationPlatforms) = postSolution
		{9A604056-E129-4094-B2B4-611086AAB611}.Debug|Any CPU.ActiveCfg = Debug|Any CPU
		{9A604056-E129-4094-B2B4-611086AAB611}.Debug|Any CPU.Build.0 = Debug|Any CPU
		{9A604056-E129-4094-B2B4-611086AAB611}.Release|Any CPU.ActiveCfg = Release|Any CPU
		{9A604056-E129-4094-B2B4-611086AAB611}.Release|Any CPU.Build.0 = Release|Any CPU
	EndGlobalSection
EndGlobal
